
Microsoft Visual Studio Solution File, Format Version 12.00
# Visual Studio Version 16
VisualStudioVersion = 16.0.30523.141
MinimumVisualStudioVersion = 10.0.40219.1
Project("{FAE04EC0-301F-11D3-BF4B-00C04F79EFBC}") = "ProjectWork", "ProjectWork\ProjectWork.csproj", "{4483B7B1-82B3-4CAF-855E-2C8CB1ADA6DE}"
EndProject
Global
	GlobalSection(SolutionConfigurationPlatforms) = preSolution
		Debug|Any CPU = Debug|Any CPU
		Release|Any CPU = Release|Any CPU
	EndGlobalSection
	GlobalSection(ProjectConfigurationPlatforms) = postSolution
		{4483B7B1-82B3-4CAF-855E-2C8CB1ADA6DE}.Debug|Any CPU.ActiveCfg = Debug|Any CPU
		{4483B7B1-82B3-4CAF-855E-2C8CB1ADA6DE}.Debug|Any CPU.Build.0 = Debug|Any CPU
		{4483B7B1-82B3-4CAF-855E-2C8CB1ADA6DE}.Release|Any CPU.ActiveCfg = Release|Any CPU
		{4483B7B1-82B3-4CAF-855E-2C8CB1ADA6DE}.Release|Any CPU.Build.0 = Release|Any CPU
	EndGlobalSection
	GlobalSection(SolutionProperties) = preSolution
		HideSolutionNode = FALSE
	EndGlobalSection
	GlobalSection(ExtensibilityGlobals) = postSolution
		SolutionGuid = {AEC97B37-7825-4547-9533-4D114D66C77B}
	EndGlobalSection
EndGlobal
